
Microsoft Visual Studio Solution File, Format Version 12.00
# Visual Studio Version 17
VisualStudioVersion = 17.11.35312.102
MinimumVisualStudioVersion = 10.0.40219.1
Project("{FAE04EC0-301F-11D3-BF4B-00C04F79EFBC}") = "KitApp", "KitApp\KitApp.csproj", "{F7193A5B-7F17-4B2E-BEB0-EB1CC3104957}"
EndProject
Global
	GlobalSection(SolutionConfigurationPlatforms) = preSolution
		Debug|Any CPU = Debug|Any CPU
		Release|Any CPU = Release|Any CPU
	EndGlobalSection
	GlobalSection(ProjectConfigurationPlatforms) = postSolution
		{F7193A5B-7F17-4B2E-BEB0-EB1CC3104957}.Debug|Any CPU.ActiveCfg = Debug|Any CPU
		{F7193A5B-7F17-4B2E-BEB0-EB1CC3104957}.Debug|Any CPU.Build.0 = Debug|Any CPU
		{F7193A5B-7F17-4B2E-BEB0-EB1CC3104957}.Release|Any CPU.ActiveCfg = Release|Any CPU
		{F7193A5B-7F17-4B2E-BEB0-EB1CC3104957}.Release|Any CPU.Build.0 = Release|Any CPU
	EndGlobalSection
	GlobalSection(SolutionProperties) = preSolution
		HideSolutionNode = FALSE
	EndGlobalSection
	GlobalSection(ExtensibilityGlobals) = postSolution
		SolutionGuid = {D5AF6EF0-36BE-484A-916E-18FCCA86B45B}
	EndGlobalSection
EndGlobal
